
Microsoft Visual Studio Solution File, Format Version 12.00
# Visual Studio 15
VisualStudioVersion = 15.0.28010.2003
MinimumVisualStudioVersion = 10.0.40219.1
Project("{9A19103F-16F7-4668-BE54-9A1E7A4F7556}") = "StockBroker", "StockBroker\StockBroker.csproj", "{F8D488F9-5876-4FCC-BE69-87CA98772258}"
EndProject
Project("{9A19103F-16F7-4668-BE54-9A1E7A4F7556}") = "ShareControl", "ShareControl\ShareControl.csproj", "{E56F12DA-BEE6-4EF4-8802-CEC5F2DB53F2}"
EndProject
Project("{9A19103F-16F7-4668-BE54-9A1E7A4F7556}") = "StockTrader", "StockTrader\StockTrader.csproj", "{90E4B2CE-B8F9-4A89-A555-1EB6712B855A}"
EndProject
Project("{9A19103F-16F7-4668-BE54-9A1E7A4F7556}") = "StockTransaction", "StockTransaction\StockTransaction.csproj", "{C330F95A-7AB9-4B28-B407-2A7CD4B750EE}"
EndProject
Project("{9A19103F-16F7-4668-BE54-9A1E7A4F7556}") = "TaxControl", "TaxControl\TaxControl.csproj", "{14D10EEC-01BB-4D4D-AE7B-0D3D6D0BD5D3}"
EndProject
Project("{9A19103F-16F7-4668-BE54-9A1E7A4F7556}") = "Bank", "Bank\Bank.csproj", "{33752E17-8464-401C-951D-16B3F9F73C65}"
EndProject
Project("{FAE04EC0-301F-11D3-BF4B-00C04F79EFBC}") = "Models", "Models\Models.csproj", "{92EE7913-07BA-4D10-987A-87A85410E499}"
EndProject
Global
	GlobalSection(SolutionConfigurationPlatforms) = preSolution
		Debug|Any CPU = Debug|Any CPU
		Release|Any CPU = Release|Any CPU
	EndGlobalSection
	GlobalSection(ProjectConfigurationPlatforms) = postSolution
		{F8D488F9-5876-4FCC-BE69-87CA98772258}.Debug|Any CPU.ActiveCfg = Debug|Any CPU
		{F8D488F9-5876-4FCC-BE69-87CA98772258}.Debug|Any CPU.Build.0 = Debug|Any CPU
		{F8D488F9-5876-4FCC-BE69-87CA98772258}.Release|Any CPU.ActiveCfg = Release|Any CPU
		{F8D488F9-5876-4FCC-BE69-87CA98772258}.Release|Any CPU.Build.0 = Release|Any CPU
		{E56F12DA-BEE6-4EF4-8802-CEC5F2DB53F2}.Debug|Any CPU.ActiveCfg = Debug|Any CPU
		{E56F12DA-BEE6-4EF4-8802-CEC5F2DB53F2}.Debug|Any CPU.Build.0 = Debug|Any CPU
		{E56F12DA-BEE6-4EF4-8802-CEC5F2DB53F2}.Release|Any CPU.ActiveCfg = Release|Any CPU
		{E56F12DA-BEE6-4EF4-8802-CEC5F2DB53F2}.Release|Any CPU.Build.0 = Release|Any CPU
		{90E4B2CE-B8F9-4A89-A555-1EB6712B855A}.Debug|Any CPU.ActiveCfg = Debug|Any CPU
		{90E4B2CE-B8F9-4A89-A555-1EB6712B855A}.Debug|Any CPU.Build.0 = Debug|Any CPU
		{90E4B2CE-B8F9-4A89-A555-1EB6712B855A}.Release|Any CPU.ActiveCfg = Release|Any CPU
		{90E4B2CE-B8F9-4A89-A555-1EB6712B855A}.Release|Any CPU.Build.0 = Release|Any CPU
		{C330F95A-7AB9-4B28-B407-2A7CD4B750EE}.Debug|Any CPU.ActiveCfg = Debug|Any CPU
		{C330F95A-7AB9-4B28-B407-2A7CD4B750EE}.Debug|Any CPU.Build.0 = Debug|Any CPU
		{C330F95A-7AB9-4B28-B407-2A7CD4B750EE}.Release|Any CPU.ActiveCfg = Release|Any CPU
		{C330F95A-7AB9-4B28-B407-2A7CD4B750EE}.Release|Any CPU.Build.0 = Release|Any CPU
		{14D10EEC-01BB-4D4D-AE7B-0D3D6D0BD5D3}.Debug|Any CPU.ActiveCfg = Debug|Any CPU
		{14D10EEC-01BB-4D4D-AE7B-0D3D6D0BD5D3}.Debug|Any CPU.Build.0 = Debug|Any CPU
		{14D10EEC-01BB-4D4D-AE7B-0D3D6D0BD5D3}.Release|Any CPU.ActiveCfg = Release|Any CPU
		{14D10EEC-01BB-4D4D-AE7B-0D3D6D0BD5D3}.Release|Any CPU.Build.0 = Release|Any CPU
		{33752E17-8464-401C-951D-16B3F9F73C65}.Debug|Any CPU.ActiveCfg = Debug|Any CPU
		{33752E17-8464-401C-951D-16B3F9F73C65}.Debug|Any CPU.Build.0 = Debug|Any CPU
		{33752E17-8464-401C-951D-16B3F9F73C65}.Release|Any CPU.ActiveCfg = Release|Any CPU
		{33752E17-8464-401C-951D-16B3F9F73C65}.Release|Any CPU.Build.0 = Release|Any CPU
		{92EE7913-07BA-4D10-987A-87A85410E499}.Debug|Any CPU.ActiveCfg = Debug|Any CPU
		{92EE7913-07BA-4D10-987A-87A85410E499}.Debug|Any CPU.Build.0 = Debug|Any CPU
		{92EE7913-07BA-4D10-987A-87A85410E499}.Release|Any CPU.ActiveCfg = Release|Any CPU
		{92EE7913-07BA-4D10-987A-87A85410E499}.Release|Any CPU.Build.0 = Release|Any CPU
	EndGlobalSection
	GlobalSection(SolutionProperties) = preSolution
		HideSolutionNode = FALSE
	EndGlobalSection
	GlobalSection(ExtensibilityGlobals) = postSolution
		SolutionGuid = {18A09456-1286-415A-9196-DBB115B70321}
	EndGlobalSection
EndGlobal
